{
  "name": "shooter",
  "version": "1.0.0",
  "lockfileVersion": 1,
  "requires": true,
  "dependencies": {
    "bootstrap": {
      "version": "4.5.0",
      "resolved": "https://registry.npmjs.org/bootstrap/-/bootstrap-4.5.0.tgz",
      "integrity": "sha512-Z93QoXvodoVslA+PWNdk23Hze4RBYIkpb5h8I2HY2Tu2h7A0LpAgLcyrhrSUyo2/Oxm2l1fRZPs1e5hnxnliXA=="
    },
    "faker": {
      "version": "4.1.0",
      "resolved": "https://registry.npmjs.org/faker/-/faker-4.1.0.tgz",
      "integrity": "sha1-HkW7vsxndLPBlfrSg1EJxtdIzD8="
    },
    "sweetalert2": {
      "version": "9.13.0",
      "resolved": "https://registry.npmjs.org/sweetalert2/-/sweetalert2-9.13.0.tgz",
      "integrity": "sha512-3Tbzg7Zdr13hy+V1oDCx2abcIBwllthgPPEXakiOzv9nVPZk3lyp82RUi1We4oaG24mkU5z2W5CkDsWeGuYC0A=="
    }
  }
}
